
Microsoft Visual Studio Solution File, Format Version 12.00
# Visual Studio Version 17
VisualStudioVersion = 17.0.31903.59
MinimumVisualStudioVersion = 10.0.40219.1
Project("{2150E333-8FDC-42A3-9474-1A3956D46DE8}") = "src", "src", "{827E0CD3-B72D-47B6-A68D-7590B98EB39B}"
EndProject
Project("{FAE04EC0-301F-11D3-BF4B-00C04F79EFBC}") = "Xenaia.Domain.Bookings", "src\Xenaia.Domain.Bookings\Xenaia.Domain.Bookings.csproj", "{A32AD283-8C03-42FC-901E-B2526B7EAC3B}"
EndProject
Project("{FAE04EC0-301F-11D3-BF4B-00C04F79EFBC}") = "Xenaia.Data", "src\Xenaia.Data\Xenaia.Data.csproj", "{64DDADBE-3C92-4710-83CB-7EB275272CE7}"
EndProject
Project("{FAE04EC0-301F-11D3-BF4B-00C04F79EFBC}") = "Xenaia.Core", "src\Xenaia.Core\Xenaia.Core.csproj", "{5E7D44ED-495D-4254-8A88-671D26D42A17}"
EndProject
Project("{FAE04EC0-301F-11D3-BF4B-00C04F79EFBC}") = "Xenaia.Data.MsSql", "src\Xenaia.Data.MsSql\Xenaia.Data.MsSql.csproj", "{B193DDAC-99BC-4896-82AE-E28A0FD46705}"
EndProject
Project("{FAE04EC0-301F-11D3-BF4B-00C04F79EFBC}") = "Xenaia.Data.PostgreSql", "src\Xenaia.Data.PostgreSql\Xenaia.Data.PostgreSql.csproj", "{E02A314F-5AEF-4699-8B9A-4946689364CA}"
EndProject
Project("{FAE04EC0-301F-11D3-BF4B-00C04F79EFBC}") = "Xenaia.Data.MySql", "src\Xenaia.Data.MySql\Xenaia.Data.MySql.csproj", "{D334BA61-728E-40ED-99F0-CF2754A5C9D1}"
EndProject
Project("{FAE04EC0-301F-11D3-BF4B-00C04F79EFBC}") = "Xenaia.Core.Ai", "src\Xenaia.Core.Ai\Xenaia.Core.Ai.csproj", "{E2596106-85BD-4193-BFE9-2F562AC18C69}"
EndProject
Project("{FAE04EC0-301F-11D3-BF4B-00C04F79EFBC}") = "Xenaia.Extensions.Abstractions", "src\extensions\Xenaia.Extensions.Abstractions\Xenaia.Extensions.Abstractions.csproj", "{A279897E-B74C-4702-95EA-D85B43E4A634}"
EndProject
Project("{FAE04EC0-301F-11D3-BF4B-00C04F79EFBC}") = "Xenaia.Extensions.Samples.TimeslotCrawler", "src\extensions\samples\Xenaia.Extensions.Samples.TimeslotCrawler\Xenaia.Extensions.Samples.TimeslotCrawler.csproj", "{F911583C-04B9-4BDA-BD15-E19A71FDD83F}"
EndProject
Project("{FAE04EC0-301F-11D3-BF4B-00C04F79EFBC}") = "Xenaia.Extensions.Samples.PortSchedules", "src\extensions\samples\Xenaia.Extensions.Samples.PortSchedules\Xenaia.Extensions.Samples.PortSchedules.csproj", "{56E5C9BE-9AB7-46CF-875C-06222BA0FDF3}"
EndProject
Project("{FAE04EC0-301F-11D3-BF4B-00C04F79EFBC}") = "Xenaia.Adapters.GoogleWorkspace", "src\adapters\Xenaia.Adapters.GoogleWorkspace\Xenaia.Adapters.GoogleWorkspace.csproj", "{F368BCE7-A563-4A62-ACBA-422E203BB114}"
EndProject
Project("{FAE04EC0-301F-11D3-BF4B-00C04F79EFBC}") = "Xenaia.Adapters.BrightTide", "src\adapters\Xenaia.Adapters.BrightTide\Xenaia.Adapters.BrightTide.csproj", "{0264FB17-D192-4866-8BBF-09D350AE3383}"
EndProject
Project("{FAE04EC0-301F-11D3-BF4B-00C04F79EFBC}") = "Xenaia.Adapters.MongoAtlas", "src\adapters\Xenaia.Adapters.MongoAtlas\Xenaia.Adapters.MongoAtlas.csproj", "{61548D36-A86C-4273-99E5-403E0C1D9161}"
EndProject
Project("{FAE04EC0-301F-11D3-BF4B-00C04F79EFBC}") = "Xenaia.Adapters.Cohere", "src\adapters\Xenaia.Adapters.Cohere\Xenaia.Adapters.Cohere.csproj", "{A5AF16EE-6788-44FB-8786-4E7E1AC775F3}"
EndProject
Project("{FAE04EC0-301F-11D3-BF4B-00C04F79EFBC}") = "Xenaia.Adapters.Freshdesk", "src\adapters\Xenaia.Adapters.Freshdesk\Xenaia.Adapters.Freshdesk.csproj", "{8387800B-7177-440C-8625-C7802202AEEA}"
EndProject
Project("{FAE04EC0-301F-11D3-BF4B-00C04F79EFBC}") = "Xenaia.Adapters.Freshchat", "src\adapters\Xenaia.Adapters.Freshchat\Xenaia.Adapters.Freshchat.csproj", "{AD57F741-98D0-4C02-82E6-94E68EABB13A}"
EndProject
Project("{FAE04EC0-301F-11D3-BF4B-00C04F79EFBC}") = "Xenaia.Adapters.AzureOpenAI", "src\adapters\Xenaia.Adapters.AzureOpenAI\Xenaia.Adapters.AzureOpenAI.csproj", "{E034319F-ADD2-47D2-9E02-DC21F789A95D}"
EndProject
Project("{FAE04EC0-301F-11D3-BF4B-00C04F79EFBC}") = "Xenaia.Api", "src\hosts\Xenaia.Api\Xenaia.Api.csproj", "{FA7E7CA3-33CF-49B3-B915-BC9EC640601D}"
EndProject
Project("{FAE04EC0-301F-11D3-BF4B-00C04F79EFBC}") = "Xenaia.McpServer", "src\hosts\Xenaia.McpServer\Xenaia.McpServer.csproj", "{3AFA10D8-E6C5-42EA-AD60-6FFB83C711DC}"
EndProject
Project("{FAE04EC0-301F-11D3-BF4B-00C04F79EFBC}") = "Xenaia.Modules.Sync", "src\modules\Xenaia.Modules.Sync\Xenaia.Modules.Sync.csproj", "{0BAC7DE6-8D52-43F6-B3FD-00ED348FCD3A}"
EndProject
Project("{FAE04EC0-301F-11D3-BF4B-00C04F79EFBC}") = "Xenaia.Modules.Concierge", "src\modules\Xenaia.Modules.Concierge\Xenaia.Modules.Concierge.csproj", "{F9D8B73E-7637-4248-BA44-E1A98DD3D85E}"
EndProject
Project("{FAE04EC0-301F-11D3-BF4B-00C04F79EFBC}") = "Xenaia.Modules.Triage", "src\modules\Xenaia.Modules.Triage\Xenaia.Modules.Triage.csproj", "{5FB52DB1-C238-4C12-B78F-1199A5B9CDA4}"
EndProject
Project("{FAE04EC0-301F-11D3-BF4B-00C04F79EFBC}") = "Xenaia.Modules.Rostering", "src\modules\Xenaia.Modules.Rostering\Xenaia.Modules.Rostering.csproj", "{A767588E-C0F4-42AF-9D81-3E5A36EAC18A}"
EndProject
Project("{FAE04EC0-301F-11D3-BF4B-00C04F79EFBC}") = "Xenaia.Modules.AgentQa", "src\modules\Xenaia.Modules.AgentQa\Xenaia.Modules.AgentQa.csproj", "{AC6B6C00-D03B-4831-AB71-CCCAEF758946}"
EndProject
Project("{2150E333-8FDC-42A3-9474-1A3956D46DE8}") = "tests", "tests", "{0AB3BF05-4346-4AA6-1389-037BE0695223}"
EndProject
Project("{FAE04EC0-301F-11D3-BF4B-00C04F79EFBC}") = "Xenaia.ArchitectureTests", "tests\Xenaia.ArchitectureTests\Xenaia.ArchitectureTests.csproj", "{D18CBD8B-DA0A-4ED3-B845-0BBB0E0CF7C4}"
EndProject
Project("{FAE04EC0-301F-11D3-BF4B-00C04F79EFBC}") = "Xenaia.Core.Tests", "tests\Xenaia.Core.Tests\Xenaia.Core.Tests.csproj", "{D0AB1C1B-203F-404D-8F6A-9F653B8E79A8}"
EndProject
Project("{FAE04EC0-301F-11D3-BF4B-00C04F79EFBC}") = "Xenaia.Data.Tests", "tests\Xenaia.Data.Tests\Xenaia.Data.Tests.csproj", "{940108B4-ED38-4DE0-914F-A53F84C54E9A}"
EndProject
Project("{FAE04EC0-301F-11D3-BF4B-00C04F79EFBC}") = "Xenaia.Domain.Bookings.Tests", "tests\Xenaia.Domain.Bookings.Tests\Xenaia.Domain.Bookings.Tests.csproj", "{38CAD5A5-38DD-49C7-86A0-F50998516176}"
EndProject
Project("{FAE04EC0-301F-11D3-BF4B-00C04F79EFBC}") = "Xenaia.Modules.Triage.Tests", "tests\Xenaia.Modules.Triage.Tests\Xenaia.Modules.Triage.Tests.csproj", "{21BC0E57-ECEE-47B3-BDC2-271DEE450EBA}"
EndProject
Project("{FAE04EC0-301F-11D3-BF4B-00C04F79EFBC}") = "Xenaia.PortContracts", "tests\Xenaia.PortContracts\Xenaia.PortContracts.csproj", "{578E5988-AFAA-43FC-985A-751BBD6EA06B}"
EndProject
Project("{FAE04EC0-301F-11D3-BF4B-00C04F79EFBC}") = "Xenaia.Adapters.Freshdesk.Tests", "tests\Xenaia.Adapters.Freshdesk.Tests\Xenaia.Adapters.Freshdesk.Tests.csproj", "{62FF9E3A-210E-4655-B8DB-FBDE4306A132}"
EndProject
Project("{FAE04EC0-301F-11D3-BF4B-00C04F79EFBC}") = "Xenaia.Modules.Sync.Tests", "tests\Xenaia.Modules.Sync.Tests\Xenaia.Modules.Sync.Tests.csproj", "{B48DD8DD-1B97-4F13-A0D2-34C244933E7A}"
EndProject
Project("{2150E333-8FDC-42A3-9474-1A3956D46DE8}") = "modules", "modules", "{EC447DCF-ABFA-6E24-52A5-D7FD48A5C558}"
EndProject
Global
	GlobalSection(SolutionConfigurationPlatforms) = preSolution
		Debug|Any CPU = Debug|Any CPU
		Debug|x64 = Debug|x64
		Debug|x86 = Debug|x86
		Release|Any CPU = Release|Any CPU
		Release|x64 = Release|x64
		Release|x86 = Release|x86
	EndGlobalSection
	GlobalSection(ProjectConfigurationPlatforms) = postSolution
		{A32AD283-8C03-42FC-901E-B2526B7EAC3B}.Debug|Any CPU.ActiveCfg = Debug|Any CPU
		{A32AD283-8C03-42FC-901E-B2526B7EAC3B}.Debug|Any CPU.Build.0 = Debug|Any CPU
		{A32AD283-8C03-42FC-901E-B2526B7EAC3B}.Debug|x64.ActiveCfg = Debug|Any CPU
		{A32AD283-8C03-42FC-901E-B2526B7EAC3B}.Debug|x64.Build.0 = Debug|Any CPU
		{A32AD283-8C03-42FC-901E-B2526B7EAC3B}.Debug|x86.ActiveCfg = Debug|Any CPU
		{A32AD283-8C03-42FC-901E-B2526B7EAC3B}.Debug|x86.Build.0 = Debug|Any CPU
		{A32AD283-8C03-42FC-901E-B2526B7EAC3B}.Release|Any CPU.ActiveCfg = Release|Any CPU
		{A32AD283-8C03-42FC-901E-B2526B7EAC3B}.Release|Any CPU.Build.0 = Release|Any CPU
		{A32AD283-8C03-42FC-901E-B2526B7EAC3B}.Release|x64.ActiveCfg = Release|Any CPU
		{A32AD283-8C03-42FC-901E-B2526B7EAC3B}.Release|x64.Build.0 = Release|Any CPU
		{A32AD283-8C03-42FC-901E-B2526B7EAC3B}.Release|x86.ActiveCfg = Release|Any CPU
		{A32AD283-8C03-42FC-901E-B2526B7EAC3B}.Release|x86.Build.0 = Release|Any CPU
		{64DDADBE-3C92-4710-83CB-7EB275272CE7}.Debug|Any CPU.ActiveCfg = Debug|Any CPU
		{64DDADBE-3C92-4710-83CB-7EB275272CE7}.Debug|Any CPU.Build.0 = Debug|Any CPU
		{64DDADBE-3C92-4710-83CB-7EB275272CE7}.Debug|x64.ActiveCfg = Debug|Any CPU
		{64DDADBE-3C92-4710-83CB-7EB275272CE7}.Debug|x64.Build.0 = Debug|Any CPU
		{64DDADBE-3C92-4710-83CB-7EB275272CE7}.Debug|x86.ActiveCfg = Debug|Any CPU
		{64DDADBE-3C92-4710-83CB-7EB275272CE7}.Debug|x86.Build.0 = Debug|Any CPU
		{64DDADBE-3C92-4710-83CB-7EB275272CE7}.Release|Any CPU.ActiveCfg = Release|Any CPU
		{64DDADBE-3C92-4710-83CB-7EB275272CE7}.Release|Any CPU.Build.0 = Release|Any CPU
		{64DDADBE-3C92-4710-83CB-7EB275272CE7}.Release|x64.ActiveCfg = Release|Any CPU
		{64DDADBE-3C92-4710-83CB-7EB275272CE7}.Release|x64.Build.0 = Release|Any CPU
		{64DDADBE-3C92-4710-83CB-7EB275272CE7}.Release|x86.ActiveCfg = Release|Any CPU
		{64DDADBE-3C92-4710-83CB-7EB275272CE7}.Release|x86.Build.0 = Release|Any CPU
		{5E7D44ED-495D-4254-8A88-671D26D42A17}.Debug|Any CPU.ActiveCfg = Debug|Any CPU
		{5E7D44ED-495D-4254-8A88-671D26D42A17}.Debug|Any CPU.Build.0 = Debug|Any CPU
		{5E7D44ED-495D-4254-8A88-671D26D42A17}.Debug|x64.ActiveCfg = Debug|Any CPU
		{5E7D44ED-495D-4254-8A88-671D26D42A17}.Debug|x64.Build.0 = Debug|Any CPU
		{5E7D44ED-495D-4254-8A88-671D26D42A17}.Debug|x86.ActiveCfg = Debug|Any CPU
		{5E7D44ED-495D-4254-8A88-671D26D42A17}.Debug|x86.Build.0 = Debug|Any CPU
		{5E7D44ED-495D-4254-8A88-671D26D42A17}.Release|Any CPU.ActiveCfg = Release|Any CPU
		{5E7D44ED-495D-4254-8A88-671D26D42A17}.Release|Any CPU.Build.0 = Release|Any CPU
		{5E7D44ED-495D-4254-8A88-671D26D42A17}.Release|x64.ActiveCfg = Release|Any CPU
		{5E7D44ED-495D-4254-8A88-671D26D42A17}.Release|x64.Build.0 = Release|Any CPU
		{5E7D44ED-495D-4254-8A88-671D26D42A17}.Release|x86.ActiveCfg = Release|Any CPU
		{5E7D44ED-495D-4254-8A88-671D26D42A17}.Release|x86.Build.0 = Release|Any CPU
		{B193DDAC-99BC-4896-82AE-E28A0FD46705}.Debug|Any CPU.ActiveCfg = Debug|Any CPU
		{B193DDAC-99BC-4896-82AE-E28A0FD46705}.Debug|Any CPU.Build.0 = Debug|Any CPU
		{B193DDAC-99BC-4896-82AE-E28A0FD46705}.Debug|x64.ActiveCfg = Debug|Any CPU
		{B193DDAC-99BC-4896-82AE-E28A0FD46705}.Debug|x64.Build.0 = Debug|Any CPU
		{B193DDAC-99BC-4896-82AE-E28A0FD46705}.Debug|x86.ActiveCfg = Debug|Any CPU
		{B193DDAC-99BC-4896-82AE-E28A0FD46705}.Debug|x86.Build.0 = Debug|Any CPU
		{B193DDAC-99BC-4896-82AE-E28A0FD46705}.Release|Any CPU.ActiveCfg = Release|Any CPU
		{B193DDAC-99BC-4896-82AE-E28A0FD46705}.Release|Any CPU.Build.0 = Release|Any CPU
		{B193DDAC-99BC-4896-82AE-E28A0FD46705}.Release|x64.ActiveCfg = Release|Any CPU
		{B193DDAC-99BC-4896-82AE-E28A0FD46705}.Release|x64.Build.0 = Release|Any CPU
		{B193DDAC-99BC-4896-82AE-E28A0FD46705}.Release|x86.ActiveCfg = Release|Any CPU
		{B193DDAC-99BC-4896-82AE-E28A0FD46705}.Release|x86.Build.0 = Release|Any CPU
		{E02A314F-5AEF-4699-8B9A-4946689364CA}.Debug|Any CPU.ActiveCfg = Debug|Any CPU
		{E02A314F-5AEF-4699-8B9A-4946689364CA}.Debug|Any CPU.Build.0 = Debug|Any CPU
		{E02A314F-5AEF-4699-8B9A-4946689364CA}.Debug|x64.ActiveCfg = Debug|Any CPU
		{E02A314F-5AEF-4699-8B9A-4946689364CA}.Debug|x64.Build.0 = Debug|Any CPU
		{E02A314F-5AEF-4699-8B9A-4946689364CA}.Debug|x86.ActiveCfg = Debug|Any CPU
		{E02A314F-5AEF-4699-8B9A-4946689364CA}.Debug|x86.Build.0 = Debug|Any CPU
		{E02A314F-5AEF-4699-8B9A-4946689364CA}.Release|Any CPU.ActiveCfg = Release|Any CPU
		{E02A314F-5AEF-4699-8B9A-4946689364CA}.Release|Any CPU.Build.0 = Release|Any CPU
		{E02A314F-5AEF-4699-8B9A-4946689364CA}.Release|x64.ActiveCfg = Release|Any CPU
		{E02A314F-5AEF-4699-8B9A-4946689364CA}.Release|x64.Build.0 = Release|Any CPU
		{E02A314F-5AEF-4699-8B9A-4946689364CA}.Release|x86.ActiveCfg = Release|Any CPU
		{E02A314F-5AEF-4699-8B9A-4946689364CA}.Release|x86.Build.0 = Release|Any CPU
		{D334BA61-728E-40ED-99F0-CF2754A5C9D1}.Debug|Any CPU.ActiveCfg = Debug|Any CPU
		{D334BA61-728E-40ED-99F0-CF2754A5C9D1}.Debug|Any CPU.Build.0 = Debug|Any CPU
		{D334BA61-728E-40ED-99F0-CF2754A5C9D1}.Debug|x64.ActiveCfg = Debug|Any CPU
		{D334BA61-728E-40ED-99F0-CF2754A5C9D1}.Debug|x64.Build.0 = Debug|Any CPU
		{D334BA61-728E-40ED-99F0-CF2754A5C9D1}.Debug|x86.ActiveCfg = Debug|Any CPU
		{D334BA61-728E-40ED-99F0-CF2754A5C9D1}.Debug|x86.Build.0 = Debug|Any CPU
		{D334BA61-728E-40ED-99F0-CF2754A5C9D1}.Release|Any CPU.ActiveCfg = Release|Any CPU
		{D334BA61-728E-40ED-99F0-CF2754A5C9D1}.Release|Any CPU.Build.0 = Release|Any CPU
		{D334BA61-728E-40ED-99F0-CF2754A5C9D1}.Release|x64.ActiveCfg = Release|Any CPU
		{D334BA61-728E-40ED-99F0-CF2754A5C9D1}.Release|x64.Build.0 = Release|Any CPU
		{D334BA61-728E-40ED-99F0-CF2754A5C9D1}.Release|x86.ActiveCfg = Release|Any CPU
		{D334BA61-728E-40ED-99F0-CF2754A5C9D1}.Release|x86.Build.0 = Release|Any CPU
		{E2596106-85BD-4193-BFE9-2F562AC18C69}.Debug|Any CPU.ActiveCfg = Debug|Any CPU
		{E2596106-85BD-4193-BFE9-2F562AC18C69}.Debug|Any CPU.Build.0 = Debug|Any CPU
		{E2596106-85BD-4193-BFE9-2F562AC18C69}.Debug|x64.ActiveCfg = Debug|Any CPU
		{E2596106-85BD-4193-BFE9-2F562AC18C69}.Debug|x64.Build.0 = Debug|Any CPU
		{E2596106-85BD-4193-BFE9-2F562AC18C69}.Debug|x86.ActiveCfg = Debug|Any CPU
		{E2596106-85BD-4193-BFE9-2F562AC18C69}.Debug|x86.Build.0 = Debug|Any CPU
		{E2596106-85BD-4193-BFE9-2F562AC18C69}.Release|Any CPU.ActiveCfg = Release|Any CPU
		{E2596106-85BD-4193-BFE9-2F562AC18C69}.Release|Any CPU.Build.0 = Release|Any CPU
		{E2596106-85BD-4193-BFE9-2F562AC18C69}.Release|x64.ActiveCfg = Release|Any CPU
		{E2596106-85BD-4193-BFE9-2F562AC18C69}.Release|x64.Build.0 = Release|Any CPU
		{E2596106-85BD-4193-BFE9-2F562AC18C69}.Release|x86.ActiveCfg = Release|Any CPU
		{E2596106-85BD-4193-BFE9-2F562AC18C69}.Release|x86.Build.0 = Release|Any CPU
		{A279897E-B74C-4702-95EA-D85B43E4A634}.Debug|Any CPU.ActiveCfg = Debug|Any CPU
		{A279897E-B74C-4702-95EA-D85B43E4A634}.Debug|Any CPU.Build.0 = Debug|Any CPU
		{A279897E-B74C-4702-95EA-D85B43E4A634}.Debug|x64.ActiveCfg = Debug|Any CPU
		{A279897E-B74C-4702-95EA-D85B43E4A634}.Debug|x64.Build.0 = Debug|Any CPU
		{A279897E-B74C-4702-95EA-D85B43E4A634}.Debug|x86.ActiveCfg = Debug|Any CPU
		{A279897E-B74C-4702-95EA-D85B43E4A634}.Debug|x86.Build.0 = Debug|Any CPU
		{A279897E-B74C-4702-95EA-D85B43E4A634}.Release|Any CPU.ActiveCfg = Release|Any CPU
		{A279897E-B74C-4702-95EA-D85B43E4A634}.Release|Any CPU.Build.0 = Release|Any CPU
		{A279897E-B74C-4702-95EA-D85B43E4A634}.Release|x64.ActiveCfg = Release|Any CPU
		{A279897E-B74C-4702-95EA-D85B43E4A634}.Release|x64.Build.0 = Release|Any CPU
		{A279897E-B74C-4702-95EA-D85B43E4A634}.Release|x86.ActiveCfg = Release|Any CPU
		{A279897E-B74C-4702-95EA-D85B43E4A634}.Release|x86.Build.0 = Release|Any CPU
		{F911583C-04B9-4BDA-BD15-E19A71FDD83F}.Debug|Any CPU.ActiveCfg = Debug|Any CPU
		{F911583C-04B9-4BDA-BD15-E19A71FDD83F}.Debug|Any CPU.Build.0 = Debug|Any CPU
		{F911583C-04B9-4BDA-BD15-E19A71FDD83F}.Debug|x64.ActiveCfg = Debug|Any CPU
		{F911583C-04B9-4BDA-BD15-E19A71FDD83F}.Debug|x64.Build.0 = Debug|Any CPU
		{F911583C-04B9-4BDA-BD15-E19A71FDD83F}.Debug|x86.ActiveCfg = Debug|Any CPU
		{F911583C-04B9-4BDA-BD15-E19A71FDD83F}.Debug|x86.Build.0 = Debug|Any CPU
		{F911583C-04B9-4BDA-BD15-E19A71FDD83F}.Release|Any CPU.ActiveCfg = Release|Any CPU
		{F911583C-04B9-4BDA-BD15-E19A71FDD83F}.Release|Any CPU.Build.0 = Release|Any CPU
		{F911583C-04B9-4BDA-BD15-E19A71FDD83F}.Release|x64.ActiveCfg = Release|Any CPU
		{F911583C-04B9-4BDA-BD15-E19A71FDD83F}.Release|x64.Build.0 = Release|Any CPU
		{F911583C-04B9-4BDA-BD15-E19A71FDD83F}.Release|x86.ActiveCfg = Release|Any CPU
		{F911583C-04B9-4BDA-BD15-E19A71FDD83F}.Release|x86.Build.0 = Release|Any CPU
		{56E5C9BE-9AB7-46CF-875C-06222BA0FDF3}.Debug|Any CPU.ActiveCfg = Debug|Any CPU
		{56E5C9BE-9AB7-46CF-875C-06222BA0FDF3}.Debug|Any CPU.Build.0 = Debug|Any CPU
		{56E5C9BE-9AB7-46CF-875C-06222BA0FDF3}.Debug|x64.ActiveCfg = Debug|Any CPU
		{56E5C9BE-9AB7-46CF-875C-06222BA0FDF3}.Debug|x64.Build.0 = Debug|Any CPU
		{56E5C9BE-9AB7-46CF-875C-06222BA0FDF3}.Debug|x86.ActiveCfg = Debug|Any CPU
		{56E5C9BE-9AB7-46CF-875C-06222BA0FDF3}.Debug|x86.Build.0 = Debug|Any CPU
		{56E5C9BE-9AB7-46CF-875C-06222BA0FDF3}.Release|Any CPU.ActiveCfg = Release|Any CPU
		{56E5C9BE-9AB7-46CF-875C-06222BA0FDF3}.Release|Any CPU.Build.0 = Release|Any CPU
		{56E5C9BE-9AB7-46CF-875C-06222BA0FDF3}.Release|x64.ActiveCfg = Release|Any CPU
		{56E5C9BE-9AB7-46CF-875C-06222BA0FDF3}.Release|x64.Build.0 = Release|Any CPU
		{56E5C9BE-9AB7-46CF-875C-06222BA0FDF3}.Release|x86.ActiveCfg = Release|Any CPU
		{56E5C9BE-9AB7-46CF-875C-06222BA0FDF3}.Release|x86.Build.0 = Release|Any CPU
		{F368BCE7-A563-4A62-ACBA-422E203BB114}.Debug|Any CPU.ActiveCfg = Debug|Any CPU
		{F368BCE7-A563-4A62-ACBA-422E203BB114}.Debug|Any CPU.Build.0 = Debug|Any CPU
		{F368BCE7-A563-4A62-ACBA-422E203BB114}.Debug|x64.ActiveCfg = Debug|Any CPU
		{F368BCE7-A563-4A62-ACBA-422E203BB114}.Debug|x64.Build.0 = Debug|Any CPU
		{F368BCE7-A563-4A62-ACBA-422E203BB114}.Debug|x86.ActiveCfg = Debug|Any CPU
		{F368BCE7-A563-4A62-ACBA-422E203BB114}.Debug|x86.Build.0 = Debug|Any CPU
		{F368BCE7-A563-4A62-ACBA-422E203BB114}.Release|Any CPU.ActiveCfg = Release|Any CPU
		{F368BCE7-A563-4A62-ACBA-422E203BB114}.Release|Any CPU.Build.0 = Release|Any CPU
		{F368BCE7-A563-4A62-ACBA-422E203BB114}.Release|x64.ActiveCfg = Release|Any CPU
		{F368BCE7-A563-4A62-ACBA-422E203BB114}.Release|x64.Build.0 = Release|Any CPU
		{F368BCE7-A563-4A62-ACBA-422E203BB114}.Release|x86.ActiveCfg = Release|Any CPU
		{F368BCE7-A563-4A62-ACBA-422E203BB114}.Release|x86.Build.0 = Release|Any CPU
		{0264FB17-D192-4866-8BBF-09D350AE3383}.Debug|Any CPU.ActiveCfg = Debug|Any CPU
		{0264FB17-D192-4866-8BBF-09D350AE3383}.Debug|Any CPU.Build.0 = Debug|Any CPU
		{0264FB17-D192-4866-8BBF-09D350AE3383}.Debug|x64.ActiveCfg = Debug|Any CPU
		{0264FB17-D192-4866-8BBF-09D350AE3383}.Debug|x64.Build.0 = Debug|Any CPU
		{0264FB17-D192-4866-8BBF-09D350AE3383}.Debug|x86.ActiveCfg = Debug|Any CPU
		{0264FB17-D192-4866-8BBF-09D350AE3383}.Debug|x86.Build.0 = Debug|Any CPU
		{0264FB17-D192-4866-8BBF-09D350AE3383}.Release|Any CPU.ActiveCfg = Release|Any CPU
		{0264FB17-D192-4866-8BBF-09D350AE3383}.Release|Any CPU.Build.0 = Release|Any CPU
		{0264FB17-D192-4866-8BBF-09D350AE3383}.Release|x64.ActiveCfg = Release|Any CPU
		{0264FB17-D192-4866-8BBF-09D350AE3383}.Release|x64.Build.0 = Release|Any CPU
		{0264FB17-D192-4866-8BBF-09D350AE3383}.Release|x86.ActiveCfg = Release|Any CPU
		{0264FB17-D192-4866-8BBF-09D350AE3383}.Release|x86.Build.0 = Release|Any CPU
		{61548D36-A86C-4273-99E5-403E0C1D9161}.Debug|Any CPU.ActiveCfg = Debug|Any CPU
		{61548D36-A86C-4273-99E5-403E0C1D9161}.Debug|Any CPU.Build.0 = Debug|Any CPU
		{61548D36-A86C-4273-99E5-403E0C1D9161}.Debug|x64.ActiveCfg = Debug|Any CPU
		{61548D36-A86C-4273-99E5-403E0C1D9161}.Debug|x64.Build.0 = Debug|Any CPU
		{61548D36-A86C-4273-99E5-403E0C1D9161}.Debug|x86.ActiveCfg = Debug|Any CPU
		{61548D36-A86C-4273-99E5-403E0C1D9161}.Debug|x86.Build.0 = Debug|Any CPU
		{61548D36-A86C-4273-99E5-403E0C1D9161}.Release|Any CPU.ActiveCfg = Release|Any CPU
		{61548D36-A86C-4273-99E5-403E0C1D9161}.Release|Any CPU.Build.0 = Release|Any CPU
		{61548D36-A86C-4273-99E5-403E0C1D9161}.Release|x64.ActiveCfg = Release|Any CPU
		{61548D36-A86C-4273-99E5-403E0C1D9161}.Release|x64.Build.0 = Release|Any CPU
		{61548D36-A86C-4273-99E5-403E0C1D9161}.Release|x86.ActiveCfg = Release|Any CPU
		{61548D36-A86C-4273-99E5-403E0C1D9161}.Release|x86.Build.0 = Release|Any CPU
		{A5AF16EE-6788-44FB-8786-4E7E1AC775F3}.Debug|Any CPU.ActiveCfg = Debug|Any CPU
		{A5AF16EE-6788-44FB-8786-4E7E1AC775F3}.Debug|Any CPU.Build.0 = Debug|Any CPU
		{A5AF16EE-6788-44FB-8786-4E7E1AC775F3}.Debug|x64.ActiveCfg = Debug|Any CPU
		{A5AF16EE-6788-44FB-8786-4E7E1AC775F3}.Debug|x64.Build.0 = Debug|Any CPU
		{A5AF16EE-6788-44FB-8786-4E7E1AC775F3}.Debug|x86.ActiveCfg = Debug|Any CPU
		{A5AF16EE-6788-44FB-8786-4E7E1AC775F3}.Debug|x86.Build.0 = Debug|Any CPU
		{A5AF16EE-6788-44FB-8786-4E7E1AC775F3}.Release|Any CPU.ActiveCfg = Release|Any CPU
		{A5AF16EE-6788-44FB-8786-4E7E1AC775F3}.Release|Any CPU.Build.0 = Release|Any CPU
		{A5AF16EE-6788-44FB-8786-4E7E1AC775F3}.Release|x64.ActiveCfg = Release|Any CPU
		{A5AF16EE-6788-44FB-8786-4E7E1AC775F3}.Release|x64.Build.0 = Release|Any CPU
		{A5AF16EE-6788-44FB-8786-4E7E1AC775F3}.Release|x86.ActiveCfg = Release|Any CPU
		{A5AF16EE-6788-44FB-8786-4E7E1AC775F3}.Release|x86.Build.0 = Release|Any CPU
		{8387800B-7177-440C-8625-C7802202AEEA}.Debug|Any CPU.ActiveCfg = Debug|Any CPU
		{8387800B-7177-440C-8625-C7802202AEEA}.Debug|Any CPU.Build.0 = Debug|Any CPU
		{8387800B-7177-440C-8625-C7802202AEEA}.Debug|x64.ActiveCfg = Debug|Any CPU
		{8387800B-7177-440C-8625-C7802202AEEA}.Debug|x64.Build.0 = Debug|Any CPU
		{8387800B-7177-440C-8625-C7802202AEEA}.Debug|x86.ActiveCfg = Debug|Any CPU
		{8387800B-7177-440C-8625-C7802202AEEA}.Debug|x86.Build.0 = Debug|Any CPU
		{8387800B-7177-440C-8625-C7802202AEEA}.Release|Any CPU.ActiveCfg = Release|Any CPU
		{8387800B-7177-440C-8625-C7802202AEEA}.Release|Any CPU.Build.0 = Release|Any CPU
		{8387800B-7177-440C-8625-C7802202AEEA}.Release|x64.ActiveCfg = Release|Any CPU
		{8387800B-7177-440C-8625-C7802202AEEA}.Release|x64.Build.0 = Release|Any CPU
		{8387800B-7177-440C-8625-C7802202AEEA}.Release|x86.ActiveCfg = Release|Any CPU
		{8387800B-7177-440C-8625-C7802202AEEA}.Release|x86.Build.0 = Release|Any CPU
		{AD57F741-98D0-4C02-82E6-94E68EABB13A}.Debug|Any CPU.ActiveCfg = Debug|Any CPU
		{AD57F741-98D0-4C02-82E6-94E68EABB13A}.Debug|Any CPU.Build.0 = Debug|Any CPU
		{AD57F741-98D0-4C02-82E6-94E68EABB13A}.Debug|x64.ActiveCfg = Debug|Any CPU
		{AD57F741-98D0-4C02-82E6-94E68EABB13A}.Debug|x64.Build.0 = Debug|Any CPU
		{AD57F741-98D0-4C02-82E6-94E68EABB13A}.Debug|x86.ActiveCfg = Debug|Any CPU
		{AD57F741-98D0-4C02-82E6-94E68EABB13A}.Debug|x86.Build.0 = Debug|Any CPU
		{AD57F741-98D0-4C02-82E6-94E68EABB13A}.Release|Any CPU.ActiveCfg = Release|Any CPU
		{AD57F741-98D0-4C02-82E6-94E68EABB13A}.Release|Any CPU.Build.0 = Release|Any CPU
		{AD57F741-98D0-4C02-82E6-94E68EABB13A}.Release|x64.ActiveCfg = Release|Any CPU
		{AD57F741-98D0-4C02-82E6-94E68EABB13A}.Release|x64.Build.0 = Release|Any CPU
		{AD57F741-98D0-4C02-82E6-94E68EABB13A}.Release|x86.ActiveCfg = Release|Any CPU
		{AD57F741-98D0-4C02-82E6-94E68EABB13A}.Release|x86.Build.0 = Release|Any CPU
		{E034319F-ADD2-47D2-9E02-DC21F789A95D}.Debug|Any CPU.ActiveCfg = Debug|Any CPU
		{E034319F-ADD2-47D2-9E02-DC21F789A95D}.Debug|Any CPU.Build.0 = Debug|Any CPU
		{E034319F-ADD2-47D2-9E02-DC21F789A95D}.Debug|x64.ActiveCfg = Debug|Any CPU
		{E034319F-ADD2-47D2-9E02-DC21F789A95D}.Debug|x64.Build.0 = Debug|Any CPU
		{E034319F-ADD2-47D2-9E02-DC21F789A95D}.Debug|x86.ActiveCfg = Debug|Any CPU
		{E034319F-ADD2-47D2-9E02-DC21F789A95D}.Debug|x86.Build.0 = Debug|Any CPU
		{E034319F-ADD2-47D2-9E02-DC21F789A95D}.Release|Any CPU.ActiveCfg = Release|Any CPU
		{E034319F-ADD2-47D2-9E02-DC21F789A95D}.Release|Any CPU.Build.0 = Release|Any CPU
		{E034319F-ADD2-47D2-9E02-DC21F789A95D}.Release|x64.ActiveCfg = Release|Any CPU
		{E034319F-ADD2-47D2-9E02-DC21F789A95D}.Release|x64.Build.0 = Release|Any CPU
		{E034319F-ADD2-47D2-9E02-DC21F789A95D}.Release|x86.ActiveCfg = Release|Any CPU
		{E034319F-ADD2-47D2-9E02-DC21F789A95D}.Release|x86.Build.0 = Release|Any CPU
		{FA7E7CA3-33CF-49B3-B915-BC9EC640601D}.Debug|Any CPU.ActiveCfg = Debug|Any CPU
		{FA7E7CA3-33CF-49B3-B915-BC9EC640601D}.Debug|Any CPU.Build.0 = Debug|Any CPU
		{FA7E7CA3-33CF-49B3-B915-BC9EC640601D}.Debug|x64.ActiveCfg = Debug|Any CPU
		{FA7E7CA3-33CF-49B3-B915-BC9EC640601D}.Debug|x64.Build.0 = Debug|Any CPU
		{FA7E7CA3-33CF-49B3-B915-BC9EC640601D}.Debug|x86.ActiveCfg = Debug|Any CPU
		{FA7E7CA3-33CF-49B3-B915-BC9EC640601D}.Debug|x86.Build.0 = Debug|Any CPU
		{FA7E7CA3-33CF-49B3-B915-BC9EC640601D}.Release|Any CPU.ActiveCfg = Release|Any CPU
		{FA7E7CA3-33CF-49B3-B915-BC9EC640601D}.Release|Any CPU.Build.0 = Release|Any CPU
		{FA7E7CA3-33CF-49B3-B915-BC9EC640601D}.Release|x64.ActiveCfg = Release|Any CPU
		{FA7E7CA3-33CF-49B3-B915-BC9EC640601D}.Release|x64.Build.0 = Release|Any CPU
		{FA7E7CA3-33CF-49B3-B915-BC9EC640601D}.Release|x86.ActiveCfg = Release|Any CPU
		{FA7E7CA3-33CF-49B3-B915-BC9EC640601D}.Release|x86.Build.0 = Release|Any CPU
		{3AFA10D8-E6C5-42EA-AD60-6FFB83C711DC}.Debug|Any CPU.ActiveCfg = Debug|Any CPU
		{3AFA10D8-E6C5-42EA-AD60-6FFB83C711DC}.Debug|Any CPU.Build.0 = Debug|Any CPU
		{3AFA10D8-E6C5-42EA-AD60-6FFB83C711DC}.Debug|x64.ActiveCfg = Debug|Any CPU
		{3AFA10D8-E6C5-42EA-AD60-6FFB83C711DC}.Debug|x64.Build.0 = Debug|Any CPU
		{3AFA10D8-E6C5-42EA-AD60-6FFB83C711DC}.Debug|x86.ActiveCfg = Debug|Any CPU
		{3AFA10D8-E6C5-42EA-AD60-6FFB83C711DC}.Debug|x86.Build.0 = Debug|Any CPU
		{3AFA10D8-E6C5-42EA-AD60-6FFB83C711DC}.Release|Any CPU.ActiveCfg = Release|Any CPU
		{3AFA10D8-E6C5-42EA-AD60-6FFB83C711DC}.Release|Any CPU.Build.0 = Release|Any CPU
		{3AFA10D8-E6C5-42EA-AD60-6FFB83C711DC}.Release|x64.ActiveCfg = Release|Any CPU
		{3AFA10D8-E6C5-42EA-AD60-6FFB83C711DC}.Release|x64.Build.0 = Release|Any CPU
		{3AFA10D8-E6C5-42EA-AD60-6FFB83C711DC}.Release|x86.ActiveCfg = Release|Any CPU
		{3AFA10D8-E6C5-42EA-AD60-6FFB83C711DC}.Release|x86.Build.0 = Release|Any CPU
		{0BAC7DE6-8D52-43F6-B3FD-00ED348FCD3A}.Debug|Any CPU.ActiveCfg = Debug|Any CPU
		{0BAC7DE6-8D52-43F6-B3FD-00ED348FCD3A}.Debug|Any CPU.Build.0 = Debug|Any CPU
		{0BAC7DE6-8D52-43F6-B3FD-00ED348FCD3A}.Debug|x64.ActiveCfg = Debug|Any CPU
		{0BAC7DE6-8D52-43F6-B3FD-00ED348FCD3A}.Debug|x64.Build.0 = Debug|Any CPU
		{0BAC7DE6-8D52-43F6-B3FD-00ED348FCD3A}.Debug|x86.ActiveCfg = Debug|Any CPU
		{0BAC7DE6-8D52-43F6-B3FD-00ED348FCD3A}.Debug|x86.Build.0 = Debug|Any CPU
		{0BAC7DE6-8D52-43F6-B3FD-00ED348FCD3A}.Release|Any CPU.ActiveCfg = Release|Any CPU
		{0BAC7DE6-8D52-43F6-B3FD-00ED348FCD3A}.Release|Any CPU.Build.0 = Release|Any CPU
		{0BAC7DE6-8D52-43F6-B3FD-00ED348FCD3A}.Release|x64.ActiveCfg = Release|Any CPU
		{0BAC7DE6-8D52-43F6-B3FD-00ED348FCD3A}.Release|x64.Build.0 = Release|Any CPU
		{0BAC7DE6-8D52-43F6-B3FD-00ED348FCD3A}.Release|x86.ActiveCfg = Release|Any CPU
		{0BAC7DE6-8D52-43F6-B3FD-00ED348FCD3A}.Release|x86.Build.0 = Release|Any CPU
		{F9D8B73E-7637-4248-BA44-E1A98DD3D85E}.Debug|Any CPU.ActiveCfg = Debug|Any CPU
		{F9D8B73E-7637-4248-BA44-E1A98DD3D85E}.Debug|Any CPU.Build.0 = Debug|Any CPU
		{F9D8B73E-7637-4248-BA44-E1A98DD3D85E}.Debug|x64.ActiveCfg = Debug|Any CPU
		{F9D8B73E-7637-4248-BA44-E1A98DD3D85E}.Debug|x64.Build.0 = Debug|Any CPU
		{F9D8B73E-7637-4248-BA44-E1A98DD3D85E}.Debug|x86.ActiveCfg = Debug|Any CPU
		{F9D8B73E-7637-4248-BA44-E1A98DD3D85E}.Debug|x86.Build.0 = Debug|Any CPU
		{F9D8B73E-7637-4248-BA44-E1A98DD3D85E}.Release|Any CPU.ActiveCfg = Release|Any CPU
		{F9D8B73E-7637-4248-BA44-E1A98DD3D85E}.Release|Any CPU.Build.0 = Release|Any CPU
		{F9D8B73E-7637-4248-BA44-E1A98DD3D85E}.Release|x64.ActiveCfg = Release|Any CPU
		{F9D8B73E-7637-4248-BA44-E1A98DD3D85E}.Release|x64.Build.0 = Release|Any CPU
		{F9D8B73E-7637-4248-BA44-E1A98DD3D85E}.Release|x86.ActiveCfg = Release|Any CPU
		{F9D8B73E-7637-4248-BA44-E1A98DD3D85E}.Release|x86.Build.0 = Release|Any CPU
		{5FB52DB1-C238-4C12-B78F-1199A5B9CDA4}.Debug|Any CPU.ActiveCfg = Debug|Any CPU
		{5FB52DB1-C238-4C12-B78F-1199A5B9CDA4}.Debug|Any CPU.Build.0 = Debug|Any CPU
		{5FB52DB1-C238-4C12-B78F-1199A5B9CDA4}.Debug|x64.ActiveCfg = Debug|Any CPU
		{5FB52DB1-C238-4C12-B78F-1199A5B9CDA4}.Debug|x64.Build.0 = Debug|Any CPU
		{5FB52DB1-C238-4C12-B78F-1199A5B9CDA4}.Debug|x86.ActiveCfg = Debug|Any CPU
		{5FB52DB1-C238-4C12-B78F-1199A5B9CDA4}.Debug|x86.Build.0 = Debug|Any CPU
		{5FB52DB1-C238-4C12-B78F-1199A5B9CDA4}.Release|Any CPU.ActiveCfg = Release|Any CPU
		{5FB52DB1-C238-4C12-B78F-1199A5B9CDA4}.Release|Any CPU.Build.0 = Release|Any CPU
		{5FB52DB1-C238-4C12-B78F-1199A5B9CDA4}.Release|x64.ActiveCfg = Release|Any CPU
		{5FB52DB1-C238-4C12-B78F-1199A5B9CDA4}.Release|x64.Build.0 = Release|Any CPU
		{5FB52DB1-C238-4C12-B78F-1199A5B9CDA4}.Release|x86.ActiveCfg = Release|Any CPU
		{5FB52DB1-C238-4C12-B78F-1199A5B9CDA4}.Release|x86.Build.0 = Release|Any CPU
		{A767588E-C0F4-42AF-9D81-3E5A36EAC18A}.Debug|Any CPU.ActiveCfg = Debug|Any CPU
		{A767588E-C0F4-42AF-9D81-3E5A36EAC18A}.Debug|Any CPU.Build.0 = Debug|Any CPU
		{A767588E-C0F4-42AF-9D81-3E5A36EAC18A}.Debug|x64.ActiveCfg = Debug|Any CPU
		{A767588E-C0F4-42AF-9D81-3E5A36EAC18A}.Debug|x64.Build.0 = Debug|Any CPU
		{A767588E-C0F4-42AF-9D81-3E5A36EAC18A}.Debug|x86.ActiveCfg = Debug|Any CPU
		{A767588E-C0F4-42AF-9D81-3E5A36EAC18A}.Debug|x86.Build.0 = Debug|Any CPU
		{A767588E-C0F4-42AF-9D81-3E5A36EAC18A}.Release|Any CPU.ActiveCfg = Release|Any CPU
		{A767588E-C0F4-42AF-9D81-3E5A36EAC18A}.Release|Any CPU.Build.0 = Release|Any CPU
		{A767588E-C0F4-42AF-9D81-3E5A36EAC18A}.Release|x64.ActiveCfg = Release|Any CPU
		{A767588E-C0F4-42AF-9D81-3E5A36EAC18A}.Release|x64.Build.0 = Release|Any CPU
		{A767588E-C0F4-42AF-9D81-3E5A36EAC18A}.Release|x86.ActiveCfg = Release|Any CPU
		{A767588E-C0F4-42AF-9D81-3E5A36EAC18A}.Release|x86.Build.0 = Release|Any CPU
		{AC6B6C00-D03B-4831-AB71-CCCAEF758946}.Debug|Any CPU.ActiveCfg = Debug|Any CPU
		{AC6B6C00-D03B-4831-AB71-CCCAEF758946}.Debug|Any CPU.Build.0 = Debug|Any CPU
		{AC6B6C00-D03B-4831-AB71-CCCAEF758946}.Debug|x64.ActiveCfg = Debug|Any CPU
		{AC6B6C00-D03B-4831-AB71-CCCAEF758946}.Debug|x64.Build.0 = Debug|Any CPU
		{AC6B6C00-D03B-4831-AB71-CCCAEF758946}.Debug|x86.ActiveCfg = Debug|Any CPU
		{AC6B6C00-D03B-4831-AB71-CCCAEF758946}.Debug|x86.Build.0 = Debug|Any CPU
		{AC6B6C00-D03B-4831-AB71-CCCAEF758946}.Release|Any CPU.ActiveCfg = Release|Any CPU
		{AC6B6C00-D03B-4831-AB71-CCCAEF758946}.Release|Any CPU.Build.0 = Release|Any CPU
		{AC6B6C00-D03B-4831-AB71-CCCAEF758946}.Release|x64.ActiveCfg = Release|Any CPU
		{AC6B6C00-D03B-4831-AB71-CCCAEF758946}.Release|x64.Build.0 = Release|Any CPU
		{AC6B6C00-D03B-4831-AB71-CCCAEF758946}.Release|x86.ActiveCfg = Release|Any CPU
		{AC6B6C00-D03B-4831-AB71-CCCAEF758946}.Release|x86.Build.0 = Release|Any CPU
		{D18CBD8B-DA0A-4ED3-B845-0BBB0E0CF7C4}.Debug|Any CPU.ActiveCfg = Debug|Any CPU
		{D18CBD8B-DA0A-4ED3-B845-0BBB0E0CF7C4}.Debug|Any CPU.Build.0 = Debug|Any CPU
		{D18CBD8B-DA0A-4ED3-B845-0BBB0E0CF7C4}.Debug|x64.ActiveCfg = Debug|Any CPU
		{D18CBD8B-DA0A-4ED3-B845-0BBB0E0CF7C4}.Debug|x64.Build.0 = Debug|Any CPU
		{D18CBD8B-DA0A-4ED3-B845-0BBB0E0CF7C4}.Debug|x86.ActiveCfg = Debug|Any CPU
		{D18CBD8B-DA0A-4ED3-B845-0BBB0E0CF7C4}.Debug|x86.Build.0 = Debug|Any CPU
		{D18CBD8B-DA0A-4ED3-B845-0BBB0E0CF7C4}.Release|Any CPU.ActiveCfg = Release|Any CPU
		{D18CBD8B-DA0A-4ED3-B845-0BBB0E0CF7C4}.Release|Any CPU.Build.0 = Release|Any CPU
		{D18CBD8B-DA0A-4ED3-B845-0BBB0E0CF7C4}.Release|x64.ActiveCfg = Release|Any CPU
		{D18CBD8B-DA0A-4ED3-B845-0BBB0E0CF7C4}.Release|x64.Build.0 = Release|Any CPU
		{D18CBD8B-DA0A-4ED3-B845-0BBB0E0CF7C4}.Release|x86.ActiveCfg = Release|Any CPU
		{D18CBD8B-DA0A-4ED3-B845-0BBB0E0CF7C4}.Release|x86.Build.0 = Release|Any CPU
		{D0AB1C1B-203F-404D-8F6A-9F653B8E79A8}.Debug|Any CPU.ActiveCfg = Debug|Any CPU
		{D0AB1C1B-203F-404D-8F6A-9F653B8E79A8}.Debug|Any CPU.Build.0 = Debug|Any CPU
		{D0AB1C1B-203F-404D-8F6A-9F653B8E79A8}.Debug|x64.ActiveCfg = Debug|Any CPU
		{D0AB1C1B-203F-404D-8F6A-9F653B8E79A8}.Debug|x64.Build.0 = Debug|Any CPU
		{D0AB1C1B-203F-404D-8F6A-9F653B8E79A8}.Debug|x86.ActiveCfg = Debug|Any CPU
		{D0AB1C1B-203F-404D-8F6A-9F653B8E79A8}.Debug|x86.Build.0 = Debug|Any CPU
		{D0AB1C1B-203F-404D-8F6A-9F653B8E79A8}.Release|Any CPU.ActiveCfg = Release|Any CPU
		{D0AB1C1B-203F-404D-8F6A-9F653B8E79A8}.Release|Any CPU.Build.0 = Release|Any CPU
		{D0AB1C1B-203F-404D-8F6A-9F653B8E79A8}.Release|x64.ActiveCfg = Release|Any CPU
		{D0AB1C1B-203F-404D-8F6A-9F653B8E79A8}.Release|x64.Build.0 = Release|Any CPU
		{D0AB1C1B-203F-404D-8F6A-9F653B8E79A8}.Release|x86.ActiveCfg = Release|Any CPU
		{D0AB1C1B-203F-404D-8F6A-9F653B8E79A8}.Release|x86.Build.0 = Release|Any CPU
		{940108B4-ED38-4DE0-914F-A53F84C54E9A}.Debug|Any CPU.ActiveCfg = Debug|Any CPU
		{940108B4-ED38-4DE0-914F-A53F84C54E9A}.Debug|Any CPU.Build.0 = Debug|Any CPU
		{940108B4-ED38-4DE0-914F-A53F84C54E9A}.Debug|x64.ActiveCfg = Debug|Any CPU
		{940108B4-ED38-4DE0-914F-A53F84C54E9A}.Debug|x64.Build.0 = Debug|Any CPU
		{940108B4-ED38-4DE0-914F-A53F84C54E9A}.Debug|x86.ActiveCfg = Debug|Any CPU
		{940108B4-ED38-4DE0-914F-A53F84C54E9A}.Debug|x86.Build.0 = Debug|Any CPU
		{940108B4-ED38-4DE0-914F-A53F84C54E9A}.Release|Any CPU.ActiveCfg = Release|Any CPU
		{940108B4-ED38-4DE0-914F-A53F84C54E9A}.Release|Any CPU.Build.0 = Release|Any CPU
		{940108B4-ED38-4DE0-914F-A53F84C54E9A}.Release|x64.ActiveCfg = Release|Any CPU
		{940108B4-ED38-4DE0-914F-A53F84C54E9A}.Release|x64.Build.0 = Release|Any CPU
		{940108B4-ED38-4DE0-914F-A53F84C54E9A}.Release|x86.ActiveCfg = Release|Any CPU
		{940108B4-ED38-4DE0-914F-A53F84C54E9A}.Release|x86.Build.0 = Release|Any CPU
		{38CAD5A5-38DD-49C7-86A0-F50998516176}.Debug|Any CPU.ActiveCfg = Debug|Any CPU
		{38CAD5A5-38DD-49C7-86A0-F50998516176}.Debug|Any CPU.Build.0 = Debug|Any CPU
		{38CAD5A5-38DD-49C7-86A0-F50998516176}.Debug|x64.ActiveCfg = Debug|Any CPU
		{38CAD5A5-38DD-49C7-86A0-F50998516176}.Debug|x64.Build.0 = Debug|Any CPU
		{38CAD5A5-38DD-49C7-86A0-F50998516176}.Debug|x86.ActiveCfg = Debug|Any CPU
		{38CAD5A5-38DD-49C7-86A0-F50998516176}.Debug|x86.Build.0 = Debug|Any CPU
		{38CAD5A5-38DD-49C7-86A0-F50998516176}.Release|Any CPU.ActiveCfg = Release|Any CPU
		{38CAD5A5-38DD-49C7-86A0-F50998516176}.Release|Any CPU.Build.0 = Release|Any CPU
		{38CAD5A5-38DD-49C7-86A0-F50998516176}.Release|x64.ActiveCfg = Release|Any CPU
		{38CAD5A5-38DD-49C7-86A0-F50998516176}.Release|x64.Build.0 = Release|Any CPU
		{38CAD5A5-38DD-49C7-86A0-F50998516176}.Release|x86.ActiveCfg = Release|Any CPU
		{38CAD5A5-38DD-49C7-86A0-F50998516176}.Release|x86.Build.0 = Release|Any CPU
		{21BC0E57-ECEE-47B3-BDC2-271DEE450EBA}.Debug|Any CPU.ActiveCfg = Debug|Any CPU
		{21BC0E57-ECEE-47B3-BDC2-271DEE450EBA}.Debug|Any CPU.Build.0 = Debug|Any CPU
		{21BC0E57-ECEE-47B3-BDC2-271DEE450EBA}.Debug|x64.ActiveCfg = Debug|Any CPU
		{21BC0E57-ECEE-47B3-BDC2-271DEE450EBA}.Debug|x64.Build.0 = Debug|Any CPU
		{21BC0E57-ECEE-47B3-BDC2-271DEE450EBA}.Debug|x86.ActiveCfg = Debug|Any CPU
		{21BC0E57-ECEE-47B3-BDC2-271DEE450EBA}.Debug|x86.Build.0 = Debug|Any CPU
		{21BC0E57-ECEE-47B3-BDC2-271DEE450EBA}.Release|Any CPU.ActiveCfg = Release|Any CPU
		{21BC0E57-ECEE-47B3-BDC2-271DEE450EBA}.Release|Any CPU.Build.0 = Release|Any CPU
		{21BC0E57-ECEE-47B3-BDC2-271DEE450EBA}.Release|x64.ActiveCfg = Release|Any CPU
		{21BC0E57-ECEE-47B3-BDC2-271DEE450EBA}.Release|x64.Build.0 = Release|Any CPU
		{21BC0E57-ECEE-47B3-BDC2-271DEE450EBA}.Release|x86.ActiveCfg = Release|Any CPU
		{21BC0E57-ECEE-47B3-BDC2-271DEE450EBA}.Release|x86.Build.0 = Release|Any CPU
		{578E5988-AFAA-43FC-985A-751BBD6EA06B}.Debug|Any CPU.ActiveCfg = Debug|Any CPU
		{578E5988-AFAA-43FC-985A-751BBD6EA06B}.Debug|Any CPU.Build.0 = Debug|Any CPU
		{578E5988-AFAA-43FC-985A-751BBD6EA06B}.Debug|x64.ActiveCfg = Debug|Any CPU
		{578E5988-AFAA-43FC-985A-751BBD6EA06B}.Debug|x64.Build.0 = Debug|Any CPU
		{578E5988-AFAA-43FC-985A-751BBD6EA06B}.Debug|x86.ActiveCfg = Debug|Any CPU
		{578E5988-AFAA-43FC-985A-751BBD6EA06B}.Debug|x86.Build.0 = Debug|Any CPU
		{578E5988-AFAA-43FC-985A-751BBD6EA06B}.Release|Any CPU.ActiveCfg = Release|Any CPU
		{578E5988-AFAA-43FC-985A-751BBD6EA06B}.Release|Any CPU.Build.0 = Release|Any CPU
		{578E5988-AFAA-43FC-985A-751BBD6EA06B}.Release|x64.ActiveCfg = Release|Any CPU
		{578E5988-AFAA-43FC-985A-751BBD6EA06B}.Release|x64.Build.0 = Release|Any CPU
		{578E5988-AFAA-43FC-985A-751BBD6EA06B}.Release|x86.ActiveCfg = Release|Any CPU
		{578E5988-AFAA-43FC-985A-751BBD6EA06B}.Release|x86.Build.0 = Release|Any CPU
		{62FF9E3A-210E-4655-B8DB-FBDE4306A132}.Debug|Any CPU.ActiveCfg = Debug|Any CPU
		{62FF9E3A-210E-4655-B8DB-FBDE4306A132}.Debug|Any CPU.Build.0 = Debug|Any CPU
		{62FF9E3A-210E-4655-B8DB-FBDE4306A132}.Debug|x64.ActiveCfg = Debug|Any CPU
		{62FF9E3A-210E-4655-B8DB-FBDE4306A132}.Debug|x64.Build.0 = Debug|Any CPU
		{62FF9E3A-210E-4655-B8DB-FBDE4306A132}.Debug|x86.ActiveCfg = Debug|Any CPU
		{62FF9E3A-210E-4655-B8DB-FBDE4306A132}.Debug|x86.Build.0 = Debug|Any CPU
		{62FF9E3A-210E-4655-B8DB-FBDE4306A132}.Release|Any CPU.ActiveCfg = Release|Any CPU
		{62FF9E3A-210E-4655-B8DB-FBDE4306A132}.Release|Any CPU.Build.0 = Release|Any CPU
		{62FF9E3A-210E-4655-B8DB-FBDE4306A132}.Release|x64.ActiveCfg = Release|Any CPU
		{62FF9E3A-210E-4655-B8DB-FBDE4306A132}.Release|x64.Build.0 = Release|Any CPU
		{62FF9E3A-210E-4655-B8DB-FBDE4306A132}.Release|x86.ActiveCfg = Release|Any CPU
		{62FF9E3A-210E-4655-B8DB-FBDE4306A132}.Release|x86.Build.0 = Release|Any CPU
		{B48DD8DD-1B97-4F13-A0D2-34C244933E7A}.Debug|Any CPU.ActiveCfg = Debug|Any CPU
		{B48DD8DD-1B97-4F13-A0D2-34C244933E7A}.Debug|Any CPU.Build.0 = Debug|Any CPU
		{B48DD8DD-1B97-4F13-A0D2-34C244933E7A}.Debug|x64.ActiveCfg = Debug|Any CPU
		{B48DD8DD-1B97-4F13-A0D2-34C244933E7A}.Debug|x64.Build.0 = Debug|Any CPU
		{B48DD8DD-1B97-4F13-A0D2-34C244933E7A}.Debug|x86.ActiveCfg = Debug|Any CPU
		{B48DD8DD-1B97-4F13-A0D2-34C244933E7A}.Debug|x86.Build.0 = Debug|Any CPU
		{B48DD8DD-1B97-4F13-A0D2-34C244933E7A}.Release|Any CPU.ActiveCfg = Release|Any CPU
		{B48DD8DD-1B97-4F13-A0D2-34C244933E7A}.Release|Any CPU.Build.0 = Release|Any CPU
		{B48DD8DD-1B97-4F13-A0D2-34C244933E7A}.Release|x64.ActiveCfg = Release|Any CPU
		{B48DD8DD-1B97-4F13-A0D2-34C244933E7A}.Release|x64.Build.0 = Release|Any CPU
		{B48DD8DD-1B97-4F13-A0D2-34C244933E7A}.Release|x86.ActiveCfg = Release|Any CPU
		{B48DD8DD-1B97-4F13-A0D2-34C244933E7A}.Release|x86.Build.0 = Release|Any CPU
	EndGlobalSection
	GlobalSection(SolutionProperties) = preSolution
		HideSolutionNode = FALSE
	EndGlobalSection
	GlobalSection(NestedProjects) = preSolution
		{A32AD283-8C03-42FC-901E-B2526B7EAC3B} = {827E0CD3-B72D-47B6-A68D-7590B98EB39B}
		{64DDADBE-3C92-4710-83CB-7EB275272CE7} = {827E0CD3-B72D-47B6-A68D-7590B98EB39B}
		{5E7D44ED-495D-4254-8A88-671D26D42A17} = {827E0CD3-B72D-47B6-A68D-7590B98EB39B}
		{B193DDAC-99BC-4896-82AE-E28A0FD46705} = {827E0CD3-B72D-47B6-A68D-7590B98EB39B}
		{E02A314F-5AEF-4699-8B9A-4946689364CA} = {827E0CD3-B72D-47B6-A68D-7590B98EB39B}
		{D334BA61-728E-40ED-99F0-CF2754A5C9D1} = {827E0CD3-B72D-47B6-A68D-7590B98EB39B}
		{E2596106-85BD-4193-BFE9-2F562AC18C69} = {827E0CD3-B72D-47B6-A68D-7590B98EB39B}
		{A279897E-B74C-4702-95EA-D85B43E4A634} = {827E0CD3-B72D-47B6-A68D-7590B98EB39B}
		{F911583C-04B9-4BDA-BD15-E19A71FDD83F} = {827E0CD3-B72D-47B6-A68D-7590B98EB39B}
		{56E5C9BE-9AB7-46CF-875C-06222BA0FDF3} = {827E0CD3-B72D-47B6-A68D-7590B98EB39B}
		{F368BCE7-A563-4A62-ACBA-422E203BB114} = {827E0CD3-B72D-47B6-A68D-7590B98EB39B}
		{0264FB17-D192-4866-8BBF-09D350AE3383} = {827E0CD3-B72D-47B6-A68D-7590B98EB39B}
		{61548D36-A86C-4273-99E5-403E0C1D9161} = {827E0CD3-B72D-47B6-A68D-7590B98EB39B}
		{A5AF16EE-6788-44FB-8786-4E7E1AC775F3} = {827E0CD3-B72D-47B6-A68D-7590B98EB39B}
		{8387800B-7177-440C-8625-C7802202AEEA} = {827E0CD3-B72D-47B6-A68D-7590B98EB39B}
		{AD57F741-98D0-4C02-82E6-94E68EABB13A} = {827E0CD3-B72D-47B6-A68D-7590B98EB39B}
		{E034319F-ADD2-47D2-9E02-DC21F789A95D} = {827E0CD3-B72D-47B6-A68D-7590B98EB39B}
		{FA7E7CA3-33CF-49B3-B915-BC9EC640601D} = {827E0CD3-B72D-47B6-A68D-7590B98EB39B}
		{3AFA10D8-E6C5-42EA-AD60-6FFB83C711DC} = {827E0CD3-B72D-47B6-A68D-7590B98EB39B}
		{0BAC7DE6-8D52-43F6-B3FD-00ED348FCD3A} = {827E0CD3-B72D-47B6-A68D-7590B98EB39B}
		{F9D8B73E-7637-4248-BA44-E1A98DD3D85E} = {827E0CD3-B72D-47B6-A68D-7590B98EB39B}
		{5FB52DB1-C238-4C12-B78F-1199A5B9CDA4} = {827E0CD3-B72D-47B6-A68D-7590B98EB39B}
		{A767588E-C0F4-42AF-9D81-3E5A36EAC18A} = {827E0CD3-B72D-47B6-A68D-7590B98EB39B}
		{AC6B6C00-D03B-4831-AB71-CCCAEF758946} = {827E0CD3-B72D-47B6-A68D-7590B98EB39B}
		{D18CBD8B-DA0A-4ED3-B845-0BBB0E0CF7C4} = {0AB3BF05-4346-4AA6-1389-037BE0695223}
		{D0AB1C1B-203F-404D-8F6A-9F653B8E79A8} = {0AB3BF05-4346-4AA6-1389-037BE0695223}
		{940108B4-ED38-4DE0-914F-A53F84C54E9A} = {0AB3BF05-4346-4AA6-1389-037BE0695223}
		{38CAD5A5-38DD-49C7-86A0-F50998516176} = {0AB3BF05-4346-4AA6-1389-037BE0695223}
		{21BC0E57-ECEE-47B3-BDC2-271DEE450EBA} = {0AB3BF05-4346-4AA6-1389-037BE0695223}
		{578E5988-AFAA-43FC-985A-751BBD6EA06B} = {0AB3BF05-4346-4AA6-1389-037BE0695223}
		{62FF9E3A-210E-4655-B8DB-FBDE4306A132} = {0AB3BF05-4346-4AA6-1389-037BE0695223}
		{B48DD8DD-1B97-4F13-A0D2-34C244933E7A} = {0AB3BF05-4346-4AA6-1389-037BE0695223}
		{EC447DCF-ABFA-6E24-52A5-D7FD48A5C558} = {827E0CD3-B72D-47B6-A68D-7590B98EB39B}
	EndGlobalSection
EndGlobal
